{
  "originHash" : "6eb1cde575b8c25cfa95028542ad01c3c4d84a522c587d73be600a3bdd7ae1cc",
  "pins" : [
    {
      "identity" : "spline-ios",
      "kind" : "remoteSourceControl",
      "location" : "https://github.com/splinetool/spline-ios",
      "state" : {
        "revision" : "cbad685fb33d35779ecbfe0cc7b8a5e5f9abe000",
        "version" : "0.2.53"
      }
    }
  ],
  "version" : 3
}
