// !$*UTF8*$!
{
	archiveVersion = 1;
	classes = {
	};
	objectVersion = 56;
	objects = {

/* Begin PBXBuildFile section */
		620387922E292FA400058180 /* FetchData.swift in Sources */ = {isa = PBXBuildFile; fileRef = 620387912E292FA400058180 /* FetchData.swift */; };
		620387942E2A97EE00058180 /* LoadImage.swift in Sources */ = {isa = PBXBuildFile; fileRef = 620387932E2A97EE00058180 /* LoadImage.swift */; };
		620387962E2B40EE00058180 /* LoadUserInfo.swift in Sources */ = {isa = PBXBuildFile; fileRef = 620387952E2B40EE00058180 /* LoadUserInfo.swift */; };
		620388622E2F271400058180 /* BaseChart.swift in Sources */ = {isa = PBXBuildFile; fileRef = 620388612E2F271400058180 /* BaseChart.swift */; };
		620388642E2F2EC200058180 /* CupertinoDetail.swift in Sources */ = {isa = PBXBuildFile; fileRef = 620388632E2F2EC200058180 /* CupertinoDetail.swift */; };
		620388662E2F35E600058180 /* LocationsToggle.swift in Sources */ = {isa = PBXBuildFile; fileRef = 620388652E2F35E600058180 /* LocationsToggle.swift */; };
		620388682E2F716300058180 /* LocationsDetail.swift in Sources */ = {isa = PBXBuildFile; fileRef = 620388672E2F716300058180 /* LocationsDetail.swift */; };
		620388D62E30F9F800058180 /* PieChart.swift in Sources */ = {isa = PBXBuildFile; fileRef = 620388D52E30F9F800058180 /* PieChart.swift */; };
		62052DA52E37248B00F171D9 /* CustomCameraView.swift in Sources */ = {isa = PBXBuildFile; fileRef = 62052DA42E37248B00F171D9 /* CustomCameraView.swift */; };
		62052DA72E3724AC00F171D9 /* CameraViewController.swift in Sources */ = {isa = PBXBuildFile; fileRef = 62052DA62E3724AC00F171D9 /* CameraViewController.swift */; };
		62052DAB2E3724E700F171D9 /* CameraView.swift in Sources */ = {isa = PBXBuildFile; fileRef = 62052DAA2E3724E700F171D9 /* CameraView.swift */; };
		62052DC52E3775C200F171D9 /* CameraControlsView.swift in Sources */ = {isa = PBXBuildFile; fileRef = 62052DC42E3775C200F171D9 /* CameraControlsView.swift */; };
		621D1A692BADBF4700338E95 /* Spline3D.swift in Sources */ = {isa = PBXBuildFile; fileRef = 621D1A682BADBF4700338E95 /* Spline3D.swift */; };
		621D1A6C2BADC03300338E95 /* SplineRuntime in Frameworks */ = {isa = PBXBuildFile; productRef = 621D1A6B2BADC03300338E95 /* SplineRuntime */; };
		623582252EAA26EB001CAC4C /* WeekSwitcherView.swift in Sources */ = {isa = PBXBuildFile; fileRef = 623582242EAA26EB001CAC4C /* WeekSwitcherView.swift */; };
		6240665D2BC0F78F00487D7A /* CustomDialogView.swift in Sources */ = {isa = PBXBuildFile; fileRef = 6240665C2BC0F78F00487D7A /* CustomDialogView.swift */; };
		6240665F2BC1418C00487D7A /* TestDialogView.swift in Sources */ = {isa = PBXBuildFile; fileRef = 6240665E2BC1418C00487D7A /* TestDialogView.swift */; };
		6244BD0E2C7C7AA70029B938 /* RenderView.swift in Sources */ = {isa = PBXBuildFile; fileRef = 6244BD0D2C7C7AA70029B938 /* RenderView.swift */; };
		625A9A302B956A4C00740AFA /* TestApp.swift in Sources */ = {isa = PBXBuildFile; fileRef = 625A9A2F2B956A4C00740AFA /* TestApp.swift */; };
		625A9A322B956A4C00740AFA /* ContentView.swift in Sources */ = {isa = PBXBuildFile; fileRef = 625A9A312B956A4C00740AFA /* ContentView.swift */; };
		625A9A342B956A4D00740AFA /* Assets.xcassets in Resources */ = {isa = PBXBuildFile; fileRef = 625A9A332B956A4D00740AFA /* Assets.xcassets */; };
		625A9A372B956A4D00740AFA /* Preview Assets.xcassets in Resources */ = {isa = PBXBuildFile; fileRef = 625A9A362B956A4D00740AFA /* Preview Assets.xcassets */; };
		625A9A462B95D55300740AFA /* ColorfulBtn.swift in Sources */ = {isa = PBXBuildFile; fileRef = 625A9A452B95D55300740AFA /* ColorfulBtn.swift */; };
		6265A1F32C4A594200D1EB14 /* PlaceHolderView.swift in Sources */ = {isa = PBXBuildFile; fileRef = 6265A1F22C4A594200D1EB14 /* PlaceHolderView.swift */; };
		62671A4B2E924FF20052628F /* StickerViewModel.swift in Sources */ = {isa = PBXBuildFile; fileRef = 62671A4A2E924FF20052628F /* StickerViewModel.swift */; };
		62671A4E2E9250940052628F /* BackgroundView.swift in Sources */ = {isa = PBXBuildFile; fileRef = 62671A4D2E9250940052628F /* BackgroundView.swift */; };
		62671A502E92514A0052628F /* StarsView.swift in Sources */ = {isa = PBXBuildFile; fileRef = 62671A4F2E92514A0052628F /* StarsView.swift */; };
		62671A522E9252A10052628F /* BottomButtonsView.swift in Sources */ = {isa = PBXBuildFile; fileRef = 62671A512E9252A10052628F /* BottomButtonsView.swift */; };
		62671A542E9253850052628F /* InitialView.swift in Sources */ = {isa = PBXBuildFile; fileRef = 62671A532E9253850052628F /* InitialView.swift */; };
		62671A562E92546A0052628F /* AnalyzingView.swift in Sources */ = {isa = PBXBuildFile; fileRef = 62671A552E92546A0052628F /* AnalyzingView.swift */; };
		62671A582E92633B0052628F /* ExtractingView.swift in Sources */ = {isa = PBXBuildFile; fileRef = 62671A572E92633B0052628F /* ExtractingView.swift */; };
		62671A5A2E9264D00052628F /* CompletedView.swift in Sources */ = {isa = PBXBuildFile; fileRef = 62671A592E9264D00052628F /* CompletedView.swift */; };
		62671A5D2E9664050052628F /* RippleEffect.swift in Sources */ = {isa = PBXBuildFile; fileRef = 62671A5C2E9664050052628F /* RippleEffect.swift */; };
		62671AAA2E966CDF0052628F /* BottomButton.swift in Sources */ = {isa = PBXBuildFile; fileRef = 62671AA92E966CDF0052628F /* BottomButton.swift */; };
		62671AAE2E96B8560052628F /* DotGridBackground.swift in Sources */ = {isa = PBXBuildFile; fileRef = 62671AAD2E96B8560052628F /* DotGridBackground.swift */; };
		627CF1682BBFBE7F0075325A /* NavigationDemo.swift in Sources */ = {isa = PBXBuildFile; fileRef = 627CF1672BBFBE7F0075325A /* NavigationDemo.swift */; };
		6287AC1F2BB568BF00E8C761 /* ScrollTest.swift in Sources */ = {isa = PBXBuildFile; fileRef = 6287AC1E2BB568BF00E8C761 /* ScrollTest.swift */; };
		6287AC2B2BB7D2BA00E8C761 /* ScrollCardTest.swift in Sources */ = {isa = PBXBuildFile; fileRef = 6287AC2A2BB7D2BA00E8C761 /* ScrollCardTest.swift */; };
		62A748512E8AED8900BBB4D7 /* StickerView.swift in Sources */ = {isa = PBXBuildFile; fileRef = 62A748502E8AED8900BBB4D7 /* StickerView.swift */; };
		62A748552E8AFA7300BBB4D7 /* NewStickerView.swift in Sources */ = {isa = PBXBuildFile; fileRef = 62A748542E8AFA7300BBB4D7 /* NewStickerView.swift */; };
		62CB6FE72BC2382E0046569A /* ScrollEffectView.swift in Sources */ = {isa = PBXBuildFile; fileRef = 62CB6FE62BC2382E0046569A /* ScrollEffectView.swift */; };
		62CB6FE92BC2775C0046569A /* CustomNavBarView.swift in Sources */ = {isa = PBXBuildFile; fileRef = 62CB6FE82BC2775C0046569A /* CustomNavBarView.swift */; };
		62CB6FEB2BC39DCF0046569A /* CustomTabBarView1.swift in Sources */ = {isa = PBXBuildFile; fileRef = 62CB6FEA2BC39DCF0046569A /* CustomTabBarView1.swift */; };
		62CB6FEE2BC3CE5C0046569A /* CustomTabBarView2.swift in Sources */ = {isa = PBXBuildFile; fileRef = 62CB6FED2BC3CE5C0046569A /* CustomTabBarView2.swift */; };
		62CB6FF02BC628870046569A /* CustomTabBarView3.swift in Sources */ = {isa = PBXBuildFile; fileRef = 62CB6FEF2BC628870046569A /* CustomTabBarView3.swift */; };
		62CB6FF22BC643770046569A /* OnBoardingView.swift in Sources */ = {isa = PBXBuildFile; fileRef = 62CB6FF12BC643770046569A /* OnBoardingView.swift */; };
		62CCD23B2BE5175900F401E8 /* SymbolAnimationView.swift in Sources */ = {isa = PBXBuildFile; fileRef = 62CCD23A2BE5175900F401E8 /* SymbolAnimationView.swift */; };
		62E41B322BA7EBF800F1288F /* PickerStyle.swift in Sources */ = {isa = PBXBuildFile; fileRef = 62E41B312BA7EBF800F1288F /* PickerStyle.swift */; };
		62E41B342BA82FAE00F1288F /* SteperStyle.swift in Sources */ = {isa = PBXBuildFile; fileRef = 62E41B332BA82FAE00F1288F /* SteperStyle.swift */; };
/* End PBXBuildFile section */

/* Begin PBXFileReference section */
		620387912E292FA400058180 /* FetchData.swift */ = {isa = PBXFileReference; lastKnownFileType = sourcecode.swift; path = FetchData.swift; sourceTree = "<group>"; };
		620387932E2A97EE00058180 /* LoadImage.swift */ = {isa = PBXFileReference; lastKnownFileType = sourcecode.swift; path = LoadImage.swift; sourceTree = "<group>"; };
		620387952E2B40EE00058180 /* LoadUserInfo.swift */ = {isa = PBXFileReference; lastKnownFileType = sourcecode.swift; path = LoadUserInfo.swift; sourceTree = "<group>"; };
		620388612E2F271400058180 /* BaseChart.swift */ = {isa = PBXFileReference; lastKnownFileType = sourcecode.swift; path = BaseChart.swift; sourceTree = "<group>"; };
		620388632E2F2EC200058180 /* CupertinoDetail.swift */ = {isa = PBXFileReference; lastKnownFileType = sourcecode.swift; path = CupertinoDetail.swift; sourceTree = "<group>"; };
		620388652E2F35E600058180 /* LocationsToggle.swift */ = {isa = PBXFileReference; lastKnownFileType = sourcecode.swift; path = LocationsToggle.swift; sourceTree = "<group>"; };
		620388672E2F716300058180 /* LocationsDetail.swift */ = {isa = PBXFileReference; lastKnownFileType = sourcecode.swift; path = LocationsDetail.swift; sourceTree = "<group>"; };
		620388D52E30F9F800058180 /* PieChart.swift */ = {isa = PBXFileReference; lastKnownFileType = sourcecode.swift; path = PieChart.swift; sourceTree = "<group>"; };
		62052DA42E37248B00F171D9 /* CustomCameraView.swift */ = {isa = PBXFileReference; lastKnownFileType = sourcecode.swift; path = CustomCameraView.swift; sourceTree = "<group>"; };
		62052DA62E3724AC00F171D9 /* CameraViewController.swift */ = {isa = PBXFileReference; lastKnownFileType = sourcecode.swift; path = CameraViewController.swift; sourceTree = "<group>"; };
		62052DAA2E3724E700F171D9 /* CameraView.swift */ = {isa = PBXFileReference; lastKnownFileType = sourcecode.swift; path = CameraView.swift; sourceTree = "<group>"; };
		62052DC42E3775C200F171D9 /* CameraControlsView.swift */ = {isa = PBXFileReference; lastKnownFileType = sourcecode.swift; path = CameraControlsView.swift; sourceTree = "<group>"; };
		621D1A682BADBF4700338E95 /* Spline3D.swift */ = {isa = PBXFileReference; lastKnownFileType = sourcecode.swift; path = Spline3D.swift; sourceTree = "<group>"; };
		623582242EAA26EB001CAC4C /* WeekSwitcherView.swift */ = {isa = PBXFileReference; lastKnownFileType = sourcecode.swift; path = WeekSwitcherView.swift; sourceTree = "<group>"; };
		6240665C2BC0F78F00487D7A /* CustomDialogView.swift */ = {isa = PBXFileReference; lastKnownFileType = sourcecode.swift; path = CustomDialogView.swift; sourceTree = "<group>"; };
		6240665E2BC1418C00487D7A /* TestDialogView.swift */ = {isa = PBXFileReference; lastKnownFileType = sourcecode.swift; path = TestDialogView.swift; sourceTree = "<group>"; };
		6244BD0D2C7C7AA70029B938 /* RenderView.swift */ = {isa = PBXFileReference; lastKnownFileType = sourcecode.swift; path = RenderView.swift; sourceTree = "<group>"; };
		625A9A2C2B956A4C00740AFA /* Test.app */ = {isa = PBXFileReference; explicitFileType = wrapper.application; includeInIndex = 0; path = Test.app; sourceTree = BUILT_PRODUCTS_DIR; };
		625A9A2F2B956A4C00740AFA /* TestApp.swift */ = {isa = PBXFileReference; lastKnownFileType = sourcecode.swift; path = TestApp.swift; sourceTree = "<group>"; };
		625A9A312B956A4C00740AFA /* ContentView.swift */ = {isa = PBXFileReference; lastKnownFileType = sourcecode.swift; path = ContentView.swift; sourceTree = "<group>"; };
		625A9A332B956A4D00740AFA /* Assets.xcassets */ = {isa = PBXFileReference; lastKnownFileType = folder.assetcatalog; path = Assets.xcassets; sourceTree = "<group>"; };
		625A9A362B956A4D00740AFA /* Preview Assets.xcassets */ = {isa = PBXFileReference; lastKnownFileType = folder.assetcatalog; path = "Preview Assets.xcassets"; sourceTree = "<group>"; };
		625A9A452B95D55300740AFA /* ColorfulBtn.swift */ = {isa = PBXFileReference; lastKnownFileType = sourcecode.swift; path = ColorfulBtn.swift; sourceTree = "<group>"; };
		6265A1F22C4A594200D1EB14 /* PlaceHolderView.swift */ = {isa = PBXFileReference; lastKnownFileType = sourcecode.swift; path = PlaceHolderView.swift; sourceTree = "<group>"; };
		62671A4A2E924FF20052628F /* StickerViewModel.swift */ = {isa = PBXFileReference; lastKnownFileType = sourcecode.swift; path = StickerViewModel.swift; sourceTree = "<group>"; };
		62671A4D2E9250940052628F /* BackgroundView.swift */ = {isa = PBXFileReference; lastKnownFileType = sourcecode.swift; path = BackgroundView.swift; sourceTree = "<group>"; };
		62671A4F2E92514A0052628F /* StarsView.swift */ = {isa = PBXFileReference; lastKnownFileType = sourcecode.swift; path = StarsView.swift; sourceTree = "<group>"; };
		62671A512E9252A10052628F /* BottomButtonsView.swift */ = {isa = PBXFileReference; lastKnownFileType = sourcecode.swift; path = BottomButtonsView.swift; sourceTree = "<group>"; };
		62671A532E9253850052628F /* InitialView.swift */ = {isa = PBXFileReference; lastKnownFileType = sourcecode.swift; path = InitialView.swift; sourceTree = "<group>"; };
		62671A552E92546A0052628F /* AnalyzingView.swift */ = {isa = PBXFileReference; lastKnownFileType = sourcecode.swift; path = AnalyzingView.swift; sourceTree = "<group>"; };
		62671A572E92633B0052628F /* ExtractingView.swift */ = {isa = PBXFileReference; lastKnownFileType = sourcecode.swift; path = ExtractingView.swift; sourceTree = "<group>"; };
		62671A592E9264D00052628F /* CompletedView.swift */ = {isa = PBXFileReference; lastKnownFileType = sourcecode.swift; path = CompletedView.swift; sourceTree = "<group>"; };
		62671A5C2E9664050052628F /* RippleEffect.swift */ = {isa = PBXFileReference; lastKnownFileType = sourcecode.swift; path = RippleEffect.swift; sourceTree = "<group>"; };
		62671AA92E966CDF0052628F /* BottomButton.swift */ = {isa = PBXFileReference; lastKnownFileType = sourcecode.swift; path = BottomButton.swift; sourceTree = "<group>"; };
		62671AAD2E96B8560052628F /* DotGridBackground.swift */ = {isa = PBXFileReference; lastKnownFileType = sourcecode.swift; path = DotGridBackground.swift; sourceTree = "<group>"; };
		627CF1672BBFBE7F0075325A /* NavigationDemo.swift */ = {isa = PBXFileReference; lastKnownFileType = sourcecode.swift; path = NavigationDemo.swift; sourceTree = "<group>"; };
		6287AC1E2BB568BF00E8C761 /* ScrollTest.swift */ = {isa = PBXFileReference; lastKnownFileType = sourcecode.swift; path = ScrollTest.swift; sourceTree = "<group>"; };
		6287AC2A2BB7D2BA00E8C761 /* ScrollCardTest.swift */ = {isa = PBXFileReference; lastKnownFileType = sourcecode.swift; path = ScrollCardTest.swift; sourceTree = "<group>"; };
		62A748502E8AED8900BBB4D7 /* StickerView.swift */ = {isa = PBXFileReference; lastKnownFileType = sourcecode.swift; path = StickerView.swift; sourceTree = "<group>"; };
		62A748542E8AFA7300BBB4D7 /* NewStickerView.swift */ = {isa = PBXFileReference; lastKnownFileType = sourcecode.swift; path = NewStickerView.swift; sourceTree = "<group>"; };
		62CB6FE62BC2382E0046569A /* ScrollEffectView.swift */ = {isa = PBXFileReference; lastKnownFileType = sourcecode.swift; path = ScrollEffectView.swift; sourceTree = "<group>"; };
		62CB6FE82BC2775C0046569A /* CustomNavBarView.swift */ = {isa = PBXFileReference; lastKnownFileType = sourcecode.swift; path = CustomNavBarView.swift; sourceTree = "<group>"; };
		62CB6FEA2BC39DCF0046569A /* CustomTabBarView1.swift */ = {isa = PBXFileReference; lastKnownFileType = sourcecode.swift; path = CustomTabBarView1.swift; sourceTree = "<group>"; };
		62CB6FED2BC3CE5C0046569A /* CustomTabBarView2.swift */ = {isa = PBXFileReference; lastKnownFileType = sourcecode.swift; path = CustomTabBarView2.swift; sourceTree = "<group>"; };
		62CB6FEF2BC628870046569A /* CustomTabBarView3.swift */ = {isa = PBXFileReference; lastKnownFileType = sourcecode.swift; path = CustomTabBarView3.swift; sourceTree = "<group>"; };
		62CB6FF12BC643770046569A /* OnBoardingView.swift */ = {isa = PBXFileReference; lastKnownFileType = sourcecode.swift; path = OnBoardingView.swift; sourceTree = "<group>"; };
		62CCD23A2BE5175900F401E8 /* SymbolAnimationView.swift */ = {isa = PBXFileReference; lastKnownFileType = sourcecode.swift; path = SymbolAnimationView.swift; sourceTree = "<group>"; };
		62E41B312BA7EBF800F1288F /* PickerStyle.swift */ = {isa = PBXFileReference; lastKnownFileType = sourcecode.swift; path = PickerStyle.swift; sourceTree = "<group>"; };
		62E41B332BA82FAE00F1288F /* SteperStyle.swift */ = {isa = PBXFileReference; lastKnownFileType = sourcecode.swift; path = SteperStyle.swift; sourceTree = "<group>"; };
/* End PBXFileReference section */

/* Begin PBXFrameworksBuildPhase section */
		625A9A292B956A4C00740AFA /* Frameworks */ = {
			isa = PBXFrameworksBuildPhase;
			buildActionMask = 2147483647;
			files = (
				621D1A6C2BADC03300338E95 /* SplineRuntime in Frameworks */,
			);
			runOnlyForDeploymentPostprocessing = 0;
		};
/* End PBXFrameworksBuildPhase section */

/* Begin PBXGroup section */
		620387902E292F4D00058180 /* Network */ = {
			isa = PBXGroup;
			children = (
				620387912E292FA400058180 /* FetchData.swift */,
				620387932E2A97EE00058180 /* LoadImage.swift */,
				620387952E2B40EE00058180 /* LoadUserInfo.swift */,
			);
			path = Network;
			sourceTree = "<group>";
		};
		620388602E2F260B00058180 /* SwiftCharts */ = {
			isa = PBXGroup;
			children = (
				620388612E2F271400058180 /* BaseChart.swift */,
				620388632E2F2EC200058180 /* CupertinoDetail.swift */,
				620388652E2F35E600058180 /* LocationsToggle.swift */,
				620388672E2F716300058180 /* LocationsDetail.swift */,
				620388D52E30F9F800058180 /* PieChart.swift */,
			);
			path = SwiftCharts;
			sourceTree = "<group>";
		};
		62052DA32E37245800F171D9 /* Camera */ = {
			isa = PBXGroup;
			children = (
				62052DA42E37248B00F171D9 /* CustomCameraView.swift */,
				62052DA62E3724AC00F171D9 /* CameraViewController.swift */,
				62052DC42E3775C200F171D9 /* CameraControlsView.swift */,
				62052DAA2E3724E700F171D9 /* CameraView.swift */,
			);
			path = Camera;
			sourceTree = "<group>";
		};
		624066602BC1439100487D7A /* CustomDialog */ = {
			isa = PBXGroup;
			children = (
				6240665C2BC0F78F00487D7A /* CustomDialogView.swift */,
				6240665E2BC1418C00487D7A /* TestDialogView.swift */,
			);
			path = CustomDialog;
			sourceTree = "<group>";
		};
		625A9A232B956A4C00740AFA = {
			isa = PBXGroup;
			children = (
				625A9A2E2B956A4C00740AFA /* Test */,
				625A9A2D2B956A4C00740AFA /* Products */,
			);
			sourceTree = "<group>";
		};
		625A9A2D2B956A4C00740AFA /* Products */ = {
			isa = PBXGroup;
			children = (
				625A9A2C2B956A4C00740AFA /* Test.app */,
			);
			name = Products;
			sourceTree = "<group>";
		};
		625A9A2E2B956A4C00740AFA /* Test */ = {
			isa = PBXGroup;
			children = (
				623582242EAA26EB001CAC4C /* WeekSwitcherView.swift */,
				62052DA32E37245800F171D9 /* Camera */,
				625A9A2F2B956A4C00740AFA /* TestApp.swift */,
				625A9A312B956A4C00740AFA /* ContentView.swift */,
				625A9A452B95D55300740AFA /* ColorfulBtn.swift */,
				62E41B312BA7EBF800F1288F /* PickerStyle.swift */,
				62E41B332BA82FAE00F1288F /* SteperStyle.swift */,
				621D1A682BADBF4700338E95 /* Spline3D.swift */,
				627CF1672BBFBE7F0075325A /* NavigationDemo.swift */,
				62CB6FE52BC237F40046569A /* Scroll */,
				624066602BC1439100487D7A /* CustomDialog */,
				625A9A332B956A4D00740AFA /* Assets.xcassets */,
				62CB6FE82BC2775C0046569A /* CustomNavBarView.swift */,
				62CB6FEC2BC3CE4C0046569A /* CustomTabBar */,
				62CB6FF12BC643770046569A /* OnBoardingView.swift */,
				62CCD23A2BE5175900F401E8 /* SymbolAnimationView.swift */,
				6265A1F22C4A594200D1EB14 /* PlaceHolderView.swift */,
				6244BD0D2C7C7AA70029B938 /* RenderView.swift */,
				62A748502E8AED8900BBB4D7 /* StickerView.swift */,
				62671A492E924F9E0052628F /* Sticker App */,
				620388602E2F260B00058180 /* SwiftCharts */,
				620387902E292F4D00058180 /* Network */,
				625A9A352B956A4D00740AFA /* Preview Content */,
				625A9A362B956A4D00740AFA /* Preview Assets.xcassets */,
			);
			path = Test;
			sourceTree = "<group>";
		};
		625A9A352B956A4D00740AFA /* Preview Content */ = {
			isa = PBXGroup;
			children = (
			);
			path = "Preview Content";
			sourceTree = "<group>";
		};
		62671A492E924F9E0052628F /* Sticker App */ = {
			isa = PBXGroup;
			children = (
				62A748542E8AFA7300BBB4D7 /* NewStickerView.swift */,
				62671A4C2E9250120052628F /* Views */,
				62671A4A2E924FF20052628F /* StickerViewModel.swift */,
				62671AA82E966CB80052628F /* Components */,
				62671A5C2E9664050052628F /* RippleEffect.swift */,
				62671AAD2E96B8560052628F /* DotGridBackground.swift */,
			);
			path = "Sticker App";
			sourceTree = "<group>";
		};
		62671A4C2E9250120052628F /* Views */ = {
			isa = PBXGroup;
			children = (
				62671A5B2E9276E90052628F /* StepView */,
				62671A4D2E9250940052628F /* BackgroundView.swift */,
				62671A4F2E92514A0052628F /* StarsView.swift */,
				62671A512E9252A10052628F /* BottomButtonsView.swift */,
			);
			path = Views;
			sourceTree = "<group>";
		};
		62671A5B2E9276E90052628F /* StepView */ = {
			isa = PBXGroup;
			children = (
				62671A532E9253850052628F /* InitialView.swift */,
				62671A552E92546A0052628F /* AnalyzingView.swift */,
				62671A572E92633B0052628F /* ExtractingView.swift */,
				62671A592E9264D00052628F /* CompletedView.swift */,
			);
			path = StepView;
			sourceTree = "<group>";
		};
		62671AA82E966CB80052628F /* Components */ = {
			isa = PBXGroup;
			children = (
				62671AA92E966CDF0052628F /* BottomButton.swift */,
			);
			path = Components;
			sourceTree = "<group>";
		};
		62CB6FE52BC237F40046569A /* Scroll */ = {
			isa = PBXGroup;
			children = (
				6287AC1E2BB568BF00E8C761 /* ScrollTest.swift */,
				6287AC2A2BB7D2BA00E8C761 /* ScrollCardTest.swift */,
				62CB6FE62BC2382E0046569A /* ScrollEffectView.swift */,
			);
			path = Scroll;
			sourceTree = "<group>";
		};
		62CB6FEC2BC3CE4C0046569A /* CustomTabBar */ = {
			isa = PBXGroup;
			children = (
				62CB6FEA2BC39DCF0046569A /* CustomTabBarView1.swift */,
				62CB6FED2BC3CE5C0046569A /* CustomTabBarView2.swift */,
				62CB6FEF2BC628870046569A /* CustomTabBarView3.swift */,
			);
			path = CustomTabBar;
			sourceTree = "<group>";
		};
/* End PBXGroup section */

/* Begin PBXNativeTarget section */
		625A9A2B2B956A4C00740AFA /* Test */ = {
			isa = PBXNativeTarget;
			buildConfigurationList = 625A9A3A2B956A4D00740AFA /* Build configuration list for PBXNativeTarget "Test" */;
			buildPhases = (
				625A9A282B956A4C00740AFA /* Sources */,
				625A9A292B956A4C00740AFA /* Frameworks */,
				625A9A2A2B956A4C00740AFA /* Resources */,
			);
			buildRules = (
			);
			dependencies = (
			);
			name = Test;
			packageProductDependencies = (
				621D1A6B2BADC03300338E95 /* SplineRuntime */,
			);
			productName = Test;
			productReference = 625A9A2C2B956A4C00740AFA /* Test.app */;
			productType = "com.apple.product-type.application";
		};
/* End PBXNativeTarget section */

/* Begin PBXProject section */
		625A9A242B956A4C00740AFA /* Project object */ = {
			isa = PBXProject;
			attributes = {
				BuildIndependentTargetsInParallel = 1;
				LastSwiftUpdateCheck = 1520;
				LastUpgradeCheck = 1520;
				TargetAttributes = {
					625A9A2B2B956A4C00740AFA = {
						CreatedOnToolsVersion = 15.2;
					};
				};
			};
			buildConfigurationList = 625A9A272B956A4C00740AFA /* Build configuration list for PBXProject "Test" */;
			compatibilityVersion = "Xcode 14.0";
			developmentRegion = en;
			hasScannedForEncodings = 0;
			knownRegions = (
				en,
				Base,
			);
			mainGroup = 625A9A232B956A4C00740AFA;
			packageReferences = (
				621D1A6A2BADC03300338E95 /* XCRemoteSwiftPackageReference "spline-ios" */,
			);
			productRefGroup = 625A9A2D2B956A4C00740AFA /* Products */;
			projectDirPath = "";
			projectRoot = "";
			targets = (
				625A9A2B2B956A4C00740AFA /* Test */,
			);
		};
/* End PBXProject section */

/* Begin PBXResourcesBuildPhase section */
		625A9A2A2B956A4C00740AFA /* Resources */ = {
			isa = PBXResourcesBuildPhase;
			buildActionMask = 2147483647;
			files = (
				625A9A372B956A4D00740AFA /* Preview Assets.xcassets in Resources */,
				625A9A342B956A4D00740AFA /* Assets.xcassets in Resources */,
			);
			runOnlyForDeploymentPostprocessing = 0;
		};
/* End PBXResourcesBuildPhase section */

/* Begin PBXSourcesBuildPhase section */
		625A9A282B956A4C00740AFA /* Sources */ = {
			isa = PBXSourcesBuildPhase;
			buildActionMask = 2147483647;
			files = (
				62052DA52E37248B00F171D9 /* CustomCameraView.swift in Sources */,
				6287AC2B2BB7D2BA00E8C761 /* ScrollCardTest.swift in Sources */,
				62671A5A2E9264D00052628F /* CompletedView.swift in Sources */,
				62671A5D2E9664050052628F /* RippleEffect.swift in Sources */,
				620387922E292FA400058180 /* FetchData.swift in Sources */,
				623582252EAA26EB001CAC4C /* WeekSwitcherView.swift in Sources */,
				620388642E2F2EC200058180 /* CupertinoDetail.swift in Sources */,
				62E41B342BA82FAE00F1288F /* SteperStyle.swift in Sources */,
				62A748512E8AED8900BBB4D7 /* StickerView.swift in Sources */,
				62671A562E92546A0052628F /* AnalyzingView.swift in Sources */,
				62CB6FEE2BC3CE5C0046569A /* CustomTabBarView2.swift in Sources */,
				62671A522E9252A10052628F /* BottomButtonsView.swift in Sources */,
				6287AC1F2BB568BF00E8C761 /* ScrollTest.swift in Sources */,
				62052DAB2E3724E700F171D9 /* CameraView.swift in Sources */,
				620388662E2F35E600058180 /* LocationsToggle.swift in Sources */,
				625A9A462B95D55300740AFA /* ColorfulBtn.swift in Sources */,
				62CB6FE72BC2382E0046569A /* ScrollEffectView.swift in Sources */,
				62052DC52E3775C200F171D9 /* CameraControlsView.swift in Sources */,
				620387962E2B40EE00058180 /* LoadUserInfo.swift in Sources */,
				62671AAA2E966CDF0052628F /* BottomButton.swift in Sources */,
				62052DA72E3724AC00F171D9 /* CameraViewController.swift in Sources */,
				62671A4B2E924FF20052628F /* StickerViewModel.swift in Sources */,
				62A748552E8AFA7300BBB4D7 /* NewStickerView.swift in Sources */,
				62CB6FE92BC2775C0046569A /* CustomNavBarView.swift in Sources */,
				62671A502E92514A0052628F /* StarsView.swift in Sources */,
				62671A4E2E9250940052628F /* BackgroundView.swift in Sources */,
				62671A542E9253850052628F /* InitialView.swift in Sources */,
				62CB6FF02BC628870046569A /* CustomTabBarView3.swift in Sources */,
				6240665F2BC1418C00487D7A /* TestDialogView.swift in Sources */,
				62CCD23B2BE5175900F401E8 /* SymbolAnimationView.swift in Sources */,
				62671AAE2E96B8560052628F /* DotGridBackground.swift in Sources */,
				6265A1F32C4A594200D1EB14 /* PlaceHolderView.swift in Sources */,
				62CB6FF22BC643770046569A /* OnBoardingView.swift in Sources */,
				62CB6FEB2BC39DCF0046569A /* CustomTabBarView1.swift in Sources */,
				620388622E2F271400058180 /* BaseChart.swift in Sources */,
				625A9A322B956A4C00740AFA /* ContentView.swift in Sources */,
				620388682E2F716300058180 /* LocationsDetail.swift in Sources */,
				620387942E2A97EE00058180 /* LoadImage.swift in Sources */,
				625A9A302B956A4C00740AFA /* TestApp.swift in Sources */,
				627CF1682BBFBE7F0075325A /* NavigationDemo.swift in Sources */,
				620388D62E30F9F800058180 /* PieChart.swift in Sources */,
				62E41B322BA7EBF800F1288F /* PickerStyle.swift in Sources */,
				621D1A692BADBF4700338E95 /* Spline3D.swift in Sources */,
				6244BD0E2C7C7AA70029B938 /* RenderView.swift in Sources */,
				62671A582E92633B0052628F /* ExtractingView.swift in Sources */,
				6240665D2BC0F78F00487D7A /* CustomDialogView.swift in Sources */,
			);
			runOnlyForDeploymentPostprocessing = 0;
		};
/* End PBXSourcesBuildPhase section */

/* Begin XCBuildConfiguration section */
		625A9A382B956A4D00740AFA /* Debug */ = {
			isa = XCBuildConfiguration;
			buildSettings = {
				ALWAYS_SEARCH_USER_PATHS = NO;
				ASSETCATALOG_COMPILER_GENERATE_SWIFT_ASSET_SYMBOL_EXTENSIONS = YES;
				CLANG_ANALYZER_NONNULL = YES;
				CLANG_ANALYZER_NUMBER_OBJECT_CONVERSION = YES_AGGRESSIVE;
				CLANG_CXX_LANGUAGE_STANDARD = "gnu++20";
				CLANG_ENABLE_MODULES = YES;
				CLANG_ENABLE_OBJC_ARC = YES;
				CLANG_ENABLE_OBJC_WEAK = YES;
				CLANG_WARN_BLOCK_CAPTURE_AUTORELEASING = YES;
				CLANG_WARN_BOOL_CONVERSION = YES;
				CLANG_WARN_COMMA = YES;
				CLANG_WARN_CONSTANT_CONVERSION = YES;
				CLANG_WARN_DEPRECATED_OBJC_IMPLEMENTATIONS = YES;
				CLANG_WARN_DIRECT_OBJC_ISA_USAGE = YES_ERROR;
				CLANG_WARN_DOCUMENTATION_COMMENTS = YES;
				CLANG_WARN_EMPTY_BODY = YES;
				CLANG_WARN_ENUM_CONVERSION = YES;
				CLANG_WARN_INFINITE_RECURSION = YES;
				CLANG_WARN_INT_CONVERSION = YES;
				CLANG_WARN_NON_LITERAL_NULL_CONVERSION = YES;
				CLANG_WARN_OBJC_IMPLICIT_RETAIN_SELF = YES;
				CLANG_WARN_OBJC_LITERAL_CONVERSION = YES;
				CLANG_WARN_OBJC_ROOT_CLASS = YES_ERROR;
				CLANG_WARN_QUOTED_INCLUDE_IN_FRAMEWORK_HEADER = YES;
				CLANG_WARN_RANGE_LOOP_ANALYSIS = YES;
				CLANG_WARN_STRICT_PROTOTYPES = YES;
				CLANG_WARN_SUSPICIOUS_MOVE = YES;
				CLANG_WARN_UNGUARDED_AVAILABILITY = YES_AGGRESSIVE;
				CLANG_WARN_UNREACHABLE_CODE = YES;
				CLANG_WARN__DUPLICATE_METHOD_MATCH = YES;
				COPY_PHASE_STRIP = NO;
				DEBUG_INFORMATION_FORMAT = dwarf;
				ENABLE_STRICT_OBJC_MSGSEND = YES;
				ENABLE_TESTABILITY = YES;
				ENABLE_USER_SCRIPT_SANDBOXING = YES;
				GCC_C_LANGUAGE_STANDARD = gnu17;
				GCC_DYNAMIC_NO_PIC = NO;
				GCC_NO_COMMON_BLOCKS = YES;
				GCC_OPTIMIZATION_LEVEL = 0;
				GCC_PREPROCESSOR_DEFINITIONS = (
					"DEBUG=1",
					"$(inherited)",
				);
				GCC_WARN_64_TO_32_BIT_CONVERSION = YES;
				GCC_WARN_ABOUT_RETURN_TYPE = YES_ERROR;
				GCC_WARN_UNDECLARED_SELECTOR = YES;
				GCC_WARN_UNINITIALIZED_AUTOS = YES_AGGRESSIVE;
				GCC_WARN_UNUSED_FUNCTION = YES;
				GCC_WARN_UNUSED_VARIABLE = YES;
				IPHONEOS_DEPLOYMENT_TARGET = 17.2;
				LOCALIZATION_PREFERS_STRING_CATALOGS = YES;
				MTL_ENABLE_DEBUG_INFO = INCLUDE_SOURCE;
				MTL_FAST_MATH = YES;
				ONLY_ACTIVE_ARCH = YES;
				SDKROOT = iphoneos;
				SWIFT_ACTIVE_COMPILATION_CONDITIONS = "DEBUG $(inherited)";
				SWIFT_OPTIMIZATION_LEVEL = "-Onone";
			};
			name = Debug;
		};
		625A9A392B956A4D00740AFA /* Release */ = {
			isa = XCBuildConfiguration;
			buildSettings = {
				ALWAYS_SEARCH_USER_PATHS = NO;
				ASSETCATALOG_COMPILER_GENERATE_SWIFT_ASSET_SYMBOL_EXTENSIONS = YES;
				CLANG_ANALYZER_NONNULL = YES;
				CLANG_ANALYZER_NUMBER_OBJECT_CONVERSION = YES_AGGRESSIVE;
				CLANG_CXX_LANGUAGE_STANDARD = "gnu++20";
				CLANG_ENABLE_MODULES = YES;
				CLANG_ENABLE_OBJC_ARC = YES;
				CLANG_ENABLE_OBJC_WEAK = YES;
				CLANG_WARN_BLOCK_CAPTURE_AUTORELEASING = YES;
				CLANG_WARN_BOOL_CONVERSION = YES;
				CLANG_WARN_COMMA = YES;
				CLANG_WARN_CONSTANT_CONVERSION = YES;
				CLANG_WARN_DEPRECATED_OBJC_IMPLEMENTATIONS = YES;
				CLANG_WARN_DIRECT_OBJC_ISA_USAGE = YES_ERROR;
				CLANG_WARN_DOCUMENTATION_COMMENTS = YES;
				CLANG_WARN_EMPTY_BODY = YES;
				CLANG_WARN_ENUM_CONVERSION = YES;
				CLANG_WARN_INFINITE_RECURSION = YES;
				CLANG_WARN_INT_CONVERSION = YES;
				CLANG_WARN_NON_LITERAL_NULL_CONVERSION = YES;
				CLANG_WARN_OBJC_IMPLICIT_RETAIN_SELF = YES;
				CLANG_WARN_OBJC_LITERAL_CONVERSION = YES;
				CLANG_WARN_OBJC_ROOT_CLASS = YES_ERROR;
				CLANG_WARN_QUOTED_INCLUDE_IN_FRAMEWORK_HEADER = YES;
				CLANG_WARN_RANGE_LOOP_ANALYSIS = YES;
				CLANG_WARN_STRICT_PROTOTYPES = YES;
				CLANG_WARN_SUSPICIOUS_MOVE = YES;
				CLANG_WARN_UNGUARDED_AVAILABILITY = YES_AGGRESSIVE;
				CLANG_WARN_UNREACHABLE_CODE = YES;
				CLANG_WARN__DUPLICATE_METHOD_MATCH = YES;
				COPY_PHASE_STRIP = NO;
				DEBUG_INFORMATION_FORMAT = "dwarf-with-dsym";
				ENABLE_NS_ASSERTIONS = NO;
				ENABLE_STRICT_OBJC_MSGSEND = YES;
				ENABLE_USER_SCRIPT_SANDBOXING = YES;
				GCC_C_LANGUAGE_STANDARD = gnu17;
				GCC_NO_COMMON_BLOCKS = YES;
				GCC_WARN_64_TO_32_BIT_CONVERSION = YES;
				GCC_WARN_ABOUT_RETURN_TYPE = YES_ERROR;
				GCC_WARN_UNDECLARED_SELECTOR = YES;
				GCC_WARN_UNINITIALIZED_AUTOS = YES_AGGRESSIVE;
				GCC_WARN_UNUSED_FUNCTION = YES;
				GCC_WARN_UNUSED_VARIABLE = YES;
				IPHONEOS_DEPLOYMENT_TARGET = 17.2;
				LOCALIZATION_PREFERS_STRING_CATALOGS = YES;
				MTL_ENABLE_DEBUG_INFO = NO;
				MTL_FAST_MATH = YES;
				SDKROOT = iphoneos;
				SWIFT_COMPILATION_MODE = wholemodule;
				VALIDATE_PRODUCT = YES;
			};
			name = Release;
		};
		625A9A3B2B956A4D00740AFA /* Debug */ = {
			isa = XCBuildConfiguration;
			buildSettings = {
				ASSETCATALOG_COMPILER_APPICON_NAME = AppIcon;
				ASSETCATALOG_COMPILER_GLOBAL_ACCENT_COLOR_NAME = AccentColor;
				ASSETCATALOG_COMPILER_INCLUDE_ALL_APPICON_ASSETS = YES;
				CODE_SIGN_STYLE = Automatic;
				CURRENT_PROJECT_VERSION = 1;
				DEVELOPMENT_ASSET_PATHS = "\"Test/Preview Content\"";
				DEVELOPMENT_TEAM = ML2CJSB2YZ;
				ENABLE_PREVIEWS = YES;
				GENERATE_INFOPLIST_FILE = YES;
				INFOPLIST_KEY_NSCameraUsageDescription = "\"使用相机拍照\"";
				INFOPLIST_KEY_NSPhotoLibraryAddUsageDescription = "";
				INFOPLIST_KEY_UIApplicationSceneManifest_Generation = YES;
				INFOPLIST_KEY_UIApplicationSupportsIndirectInputEvents = YES;
				INFOPLIST_KEY_UILaunchScreen_Generation = YES;
				INFOPLIST_KEY_UISupportedInterfaceOrientations_iPad = "UIInterfaceOrientationPortrait UIInterfaceOrientationPortraitUpsideDown UIInterfaceOrientationLandscapeLeft UIInterfaceOrientationLandscapeRight";
				INFOPLIST_KEY_UISupportedInterfaceOrientations_iPhone = "UIInterfaceOrientationPortrait UIInterfaceOrientationLandscapeLeft UIInterfaceOrientationLandscapeRight";
				IPHONEOS_DEPLOYMENT_TARGET = 17.2;
				LD_RUNPATH_SEARCH_PATHS = (
					"$(inherited)",
					"@executable_path/Frameworks",
				);
				MARKETING_VERSION = 1.0;
				PRODUCT_BUNDLE_IDENTIFIER = com.jjh.Test;
				PRODUCT_NAME = "$(TARGET_NAME)";
				SWIFT_EMIT_LOC_STRINGS = YES;
				SWIFT_VERSION = 5.0;
				TARGETED_DEVICE_FAMILY = "1,2";
			};
			name = Debug;
		};
		625A9A3C2B956A4D00740AFA /* Release */ = {
			isa = XCBuildConfiguration;
			buildSettings = {
				ASSETCATALOG_COMPILER_APPICON_NAME = AppIcon;
				ASSETCATALOG_COMPILER_GLOBAL_ACCENT_COLOR_NAME = AccentColor;
				ASSETCATALOG_COMPILER_INCLUDE_ALL_APPICON_ASSETS = YES;
				CODE_SIGN_STYLE = Automatic;
				CURRENT_PROJECT_VERSION = 1;
				DEVELOPMENT_ASSET_PATHS = "\"Test/Preview Content\"";
				DEVELOPMENT_TEAM = ML2CJSB2YZ;
				ENABLE_PREVIEWS = YES;
				GENERATE_INFOPLIST_FILE = YES;
				INFOPLIST_KEY_NSCameraUsageDescription = "\"使用相机拍照\"";
				INFOPLIST_KEY_NSPhotoLibraryAddUsageDescription = "";
				INFOPLIST_KEY_UIApplicationSceneManifest_Generation = YES;
				INFOPLIST_KEY_UIApplicationSupportsIndirectInputEvents = YES;
				INFOPLIST_KEY_UILaunchScreen_Generation = YES;
				INFOPLIST_KEY_UISupportedInterfaceOrientations_iPad = "UIInterfaceOrientationPortrait UIInterfaceOrientationPortraitUpsideDown UIInterfaceOrientationLandscapeLeft UIInterfaceOrientationLandscapeRight";
				INFOPLIST_KEY_UISupportedInterfaceOrientations_iPhone = "UIInterfaceOrientationPortrait UIInterfaceOrientationLandscapeLeft UIInterfaceOrientationLandscapeRight";
				IPHONEOS_DEPLOYMENT_TARGET = 17.2;
				LD_RUNPATH_SEARCH_PATHS = (
					"$(inherited)",
					"@executable_path/Frameworks",
				);
				MARKETING_VERSION = 1.0;
				PRODUCT_BUNDLE_IDENTIFIER = com.jjh.Test;
				PRODUCT_NAME = "$(TARGET_NAME)";
				SWIFT_EMIT_LOC_STRINGS = YES;
				SWIFT_VERSION = 5.0;
				TARGETED_DEVICE_FAMILY = "1,2";
			};
			name = Release;
		};
/* End XCBuildConfiguration section */

/* Begin XCConfigurationList section */
		625A9A272B956A4C00740AFA /* Build configuration list for PBXProject "Test" */ = {
			isa = XCConfigurationList;
			buildConfigurations = (
				625A9A382B956A4D00740AFA /* Debug */,
				625A9A392B956A4D00740AFA /* Release */,
			);
			defaultConfigurationIsVisible = 0;
			defaultConfigurationName = Release;
		};
		625A9A3A2B956A4D00740AFA /* Build configuration list for PBXNativeTarget "Test" */ = {
			isa = XCConfigurationList;
			buildConfigurations = (
				625A9A3B2B956A4D00740AFA /* Debug */,
				625A9A3C2B956A4D00740AFA /* Release */,
			);
			defaultConfigurationIsVisible = 0;
			defaultConfigurationName = Release;
		};
/* End XCConfigurationList section */

/* Begin XCRemoteSwiftPackageReference section */
		621D1A6A2BADC03300338E95 /* XCRemoteSwiftPackageReference "spline-ios" */ = {
			isa = XCRemoteSwiftPackageReference;
			repositoryURL = "https://github.com/splinetool/spline-ios";
			requirement = {
				branch = main;
				kind = branch;
			};
		};
/* End XCRemoteSwiftPackageReference section */

/* Begin XCSwiftPackageProductDependency section */
		621D1A6B2BADC03300338E95 /* SplineRuntime */ = {
			isa = XCSwiftPackageProductDependency;
			package = 621D1A6A2BADC03300338E95 /* XCRemoteSwiftPackageReference "spline-ios" */;
			productName = SplineRuntime;
		};
/* End XCSwiftPackageProductDependency section */
	};
	rootObject = 625A9A242B956A4C00740AFA /* Project object */;
}
